// !$*UTF8*$!
{
	archiveVersion = 1;
	classes = {
	};
	objectVersion = 46;
	objects = {

/* Begin PBXBuildFile section */
		15E1DFFA84C748704344456B /* libPods-NTJOA.a in Frameworks */ = {isa = PBXBuildFile; fileRef = 5C1DDE2152BB1669355093A8 /* libPods-NTJOA.a */; };
		9245ABE11F1F5C1400BC3E28 /* TJApplyListController.swift in Sources */ = {isa = PBXBuildFile; fileRef = 9245ABE01F1F5C1400BC3E28 /* TJApplyListController.swift */; };
		9269F9A51F2093BA004CAD39 /* TJOAHeader.swift in Sources */ = {isa = PBXBuildFile; fileRef = 9269F9A41F2093BA004CAD39 /* TJOAHeader.swift */; };
		92D9D9841F205D7E00488DEA /* TJApplyListCell.swift in Sources */ = {isa = PBXBuildFile; fileRef = 92D9D9831F205D7E00488DEA /* TJApplyListCell.swift */; };
		92D9D9861F20835A00488DEA /* TJHTTPRequestManger.swift in Sources */ = {isa = PBXBuildFile; fileRef = 92D9D9851F20835A00488DEA /* TJHTTPRequestManger.swift */; };
		92E2FF001F1F2DB5004EBA0D /* AppDelegate.swift in Sources */ = {isa = PBXBuildFile; fileRef = 92E2FEFF1F1F2DB5004EBA0D /* AppDelegate.swift */; };
		92E2FF021F1F2DB5004EBA0D /* ViewController.swift in Sources */ = {isa = PBXBuildFile; fileRef = 92E2FF011F1F2DB5004EBA0D /* ViewController.swift */; };
		92E2FF051F1F2DB5004EBA0D /* Main.storyboard in Resources */ = {isa = PBXBuildFile; fileRef = 92E2FF031F1F2DB5004EBA0D /* Main.storyboard */; };
		92E2FF071F1F2DB5004EBA0D /* Assets.xcassets in Resources */ = {isa = PBXBuildFile; fileRef = 92E2FF061F1F2DB5004EBA0D /* Assets.xcassets */; };
		92E2FF0A1F1F2DB5004EBA0D /* LaunchScreen.storyboard in Resources */ = {isa = PBXBuildFile; fileRef = 92E2FF081F1F2DB5004EBA0D /* LaunchScreen.storyboard */; };
		92E2FF151F1F2DB5004EBA0D /* NTJOATests.swift in Sources */ = {isa = PBXBuildFile; fileRef = 92E2FF141F1F2DB5004EBA0D /* NTJOATests.swift */; };
		92E2FF201F1F2DB5004EBA0D /* NTJOAUITests.swift in Sources */ = {isa = PBXBuildFile; fileRef = 92E2FF1F1F1F2DB5004EBA0D /* NTJOAUITests.swift */; };
		92E2FF371F1F3060004EBA0D /* TJHomeController.swift in Sources */ = {isa = PBXBuildFile; fileRef = 92E2FF311F1F3060004EBA0D /* TJHomeController.swift */; };
		92E2FF381F1F3060004EBA0D /* TJNavController.swift in Sources */ = {isa = PBXBuildFile; fileRef = 92E2FF341F1F3060004EBA0D /* TJNavController.swift */; };
		92E2FF391F1F3060004EBA0D /* TJTabBarController.swift in Sources */ = {isa = PBXBuildFile; fileRef = 92E2FF361F1F3060004EBA0D /* TJTabBarController.swift */; };
		92E2FF3B1F1F3D05004EBA0D /* TJHomeCell.swift in Sources */ = {isa = PBXBuildFile; fileRef = 92E2FF3A1F1F3D05004EBA0D /* TJHomeCell.swift */; };
		92E69C161F26DF7200107873 /* TJApplyListModel.swift in Sources */ = {isa = PBXBuildFile; fileRef = 92E69C151F26DF7200107873 /* TJApplyListModel.swift */; };
/* End PBXBuildFile section */

/* Begin PBXContainerItemProxy section */
		92E2FF111F1F2DB5004EBA0D /* PBXContainerItemProxy */ = {
			isa = PBXContainerItemProxy;
			containerPortal = 92E2FEF41F1F2DB5004EBA0D /* Project object */;
			proxyType = 1;
			remoteGlobalIDString = 92E2FEFB1F1F2DB5004EBA0D;
			remoteInfo = NTJOA;
		};
		92E2FF1C1F1F2DB5004EBA0D /* PBXContainerItemProxy */ = {
			isa = PBXContainerItemProxy;
			containerPortal = 92E2FEF41F1F2DB5004EBA0D /* Project object */;
			proxyType = 1;
			remoteGlobalIDString = 92E2FEFB1F1F2DB5004EBA0D;
			remoteInfo = NTJOA;
		};
/* End PBXContainerItemProxy section */

/* Begin PBXFileReference section */
		5C1DDE2152BB1669355093A8 /* libPods-NTJOA.a */ = {isa = PBXFileReference; explicitFileType = archive.ar; includeInIndex = 0; path = "libPods-NTJOA.a"; sourceTree = BUILT_PRODUCTS_DIR; };
		9245ABE01F1F5C1400BC3E28 /* TJApplyListController.swift */ = {isa = PBXFileReference; fileEncoding = 4; lastKnownFileType = sourcecode.swift; path = TJApplyListController.swift; sourceTree = "<group>"; };
		9269F9A01F209171004CAD39 /* NTJOA-Bridging-Header.h */ = {isa = PBXFileReference; lastKnownFileType = sourcecode.c.h; path = "NTJOA-Bridging-Header.h"; sourceTree = "<group>"; };
		9269F9A41F2093BA004CAD39 /* TJOAHeader.swift */ = {isa = PBXFileReference; fileEncoding = 4; lastKnownFileType = sourcecode.swift; path = TJOAHeader.swift; sourceTree = "<group>"; };
		92D9D9831F205D7E00488DEA /* TJApplyListCell.swift */ = {isa = PBXFileReference; fileEncoding = 4; lastKnownFileType = sourcecode.swift; path = TJApplyListCell.swift; sourceTree = "<group>"; };
		92D9D9851F20835A00488DEA /* TJHTTPRequestManger.swift */ = {isa = PBXFileReference; fileEncoding = 4; lastKnownFileType = sourcecode.swift; path = TJHTTPRequestManger.swift; sourceTree = "<group>"; };
		92E2FEFC1F1F2DB5004EBA0D /* NTJOA.app */ = {isa = PBXFileReference; explicitFileType = wrapper.application; includeInIndex = 0; path = NTJOA.app; sourceTree = BUILT_PRODUCTS_DIR; };
		92E2FEFF1F1F2DB5004EBA0D /* AppDelegate.swift */ = {isa = PBXFileReference; lastKnownFileType = sourcecode.swift; path = AppDelegate.swift; sourceTree = "<group>"; };
		92E2FF011F1F2DB5004EBA0D /* ViewController.swift */ = {isa = PBXFileReference; lastKnownFileType = sourcecode.swift; path = ViewController.swift; sourceTree = "<group>"; };
		92E2FF041F1F2DB5004EBA0D /* Base */ = {isa = PBXFileReference; lastKnownFileType = file.storyboard; name = Base; path = Base.lproj/Main.storyboard; sourceTree = "<group>"; };
		92E2FF061F1F2DB5004EBA0D /* Assets.xcassets */ = {isa = PBXFileReference; lastKnownFileType = folder.assetcatalog; path = Assets.xcassets; sourceTree = "<group>"; };
		92E2FF091F1F2DB5004EBA0D /* Base */ = {isa = PBXFileReference; lastKnownFileType = file.storyboard; name = Base; path = Base.lproj/LaunchScreen.storyboard; sourceTree = "<group>"; };
		92E2FF0B1F1F2DB5004EBA0D /* Info.plist */ = {isa = PBXFileReference; lastKnownFileType = text.plist.xml; path = Info.plist; sourceTree = "<group>"; };
		92E2FF101F1F2DB5004EBA0D /* NTJOATests.xctest */ = {isa = PBXFileReference; explicitFileType = wrapper.cfbundle; includeInIndex = 0; path = NTJOATests.xctest; sourceTree = BUILT_PRODUCTS_DIR; };
		92E2FF141F1F2DB5004EBA0D /* NTJOATests.swift */ = {isa = PBXFileReference; lastKnownFileType = sourcecode.swift; path = NTJOATests.swift; sourceTree = "<group>"; };
		92E2FF161F1F2DB5004EBA0D /* Info.plist */ = {isa = PBXFileReference; lastKnownFileType = text.plist.xml; path = Info.plist; sourceTree = "<group>"; };
		92E2FF1B1F1F2DB5004EBA0D /* NTJOAUITests.xctest */ = {isa = PBXFileReference; explicitFileType = wrapper.cfbundle; includeInIndex = 0; path = NTJOAUITests.xctest; sourceTree = BUILT_PRODUCTS_DIR; };
		92E2FF1F1F1F2DB5004EBA0D /* NTJOAUITests.swift */ = {isa = PBXFileReference; lastKnownFileType = sourcecode.swift; path = NTJOAUITests.swift; sourceTree = "<group>"; };
		92E2FF211F1F2DB5004EBA0D /* Info.plist */ = {isa = PBXFileReference; lastKnownFileType = text.plist.xml; path = Info.plist; sourceTree = "<group>"; };
		92E2FF311F1F3060004EBA0D /* TJHomeController.swift */ = {isa = PBXFileReference; fileEncoding = 4; lastKnownFileType = sourcecode.swift; path = TJHomeController.swift; sourceTree = "<group>"; };
		92E2FF341F1F3060004EBA0D /* TJNavController.swift */ = {isa = PBXFileReference; fileEncoding = 4; lastKnownFileType = sourcecode.swift; path = TJNavController.swift; sourceTree = "<group>"; };
		92E2FF361F1F3060004EBA0D /* TJTabBarController.swift */ = {isa = PBXFileReference; fileEncoding = 4; lastKnownFileType = sourcecode.swift; path = TJTabBarController.swift; sourceTree = "<group>"; };
		92E2FF3A1F1F3D05004EBA0D /* TJHomeCell.swift */ = {isa = PBXFileReference; fileEncoding = 4; lastKnownFileType = sourcecode.swift; path = TJHomeCell.swift; sourceTree = "<group>"; };
		92E69C151F26DF7200107873 /* TJApplyListModel.swift */ = {isa = PBXFileReference; fileEncoding = 4; lastKnownFileType = sourcecode.swift; path = TJApplyListModel.swift; sourceTree = "<group>"; };
		B1249F2C4B827ACBCD4710B0 /* Pods-NTJOA.debug.xcconfig */ = {isa = PBXFileReference; includeInIndex = 1; lastKnownFileType = text.xcconfig; name = "Pods-NTJOA.debug.xcconfig"; path = "Pods/Target Support Files/Pods-NTJOA/Pods-NTJOA.debug.xcconfig"; sourceTree = "<group>"; };
		E0854318812CC5B86D372C21 /* Pods-NTJOA.release.xcconfig */ = {isa = PBXFileReference; includeInIndex = 1; lastKnownFileType = text.xcconfig; name = "Pods-NTJOA.release.xcconfig"; path = "Pods/Target Support Files/Pods-NTJOA/Pods-NTJOA.release.xcconfig"; sourceTree = "<group>"; };
/* End PBXFileReference section */

/* Begin PBXFrameworksBuildPhase section */
		92E2FEF91F1F2DB5004EBA0D /* Frameworks */ = {
			isa = PBXFrameworksBuildPhase;
			buildActionMask = 2147483647;
			files = (
				15E1DFFA84C748704344456B /* libPods-NTJOA.a in Frameworks */,
			);
			runOnlyForDeploymentPostprocessing = 0;
		};
		92E2FF0D1F1F2DB5004EBA0D /* Frameworks */ = {
			isa = PBXFrameworksBuildPhase;
			buildActionMask = 2147483647;
			files = (
			);
			runOnlyForDeploymentPostprocessing = 0;
		};
		92E2FF181F1F2DB5004EBA0D /* Frameworks */ = {
			isa = PBXFrameworksBuildPhase;
			buildActionMask = 2147483647;
			files = (
			);
			runOnlyForDeploymentPostprocessing = 0;
		};
/* End PBXFrameworksBuildPhase section */

/* Begin PBXGroup section */
		8950E5E98B0F954E43AA0082 /* Frameworks */ = {
			isa = PBXGroup;
			children = (
				5C1DDE2152BB1669355093A8 /* libPods-NTJOA.a */,
			);
			name = Frameworks;
			sourceTree = "<group>";
		};
		92E2FEF31F1F2DB5004EBA0D = {
			isa = PBXGroup;
			children = (
				92E2FEFE1F1F2DB5004EBA0D /* NTJOA */,
				92E2FF131F1F2DB5004EBA0D /* NTJOATests */,
				92E2FF1E1F1F2DB5004EBA0D /* NTJOAUITests */,
				92E2FEFD1F1F2DB5004EBA0D /* Products */,
				CB10E47858F986A404E5192A /* Pods */,
				8950E5E98B0F954E43AA0082 /* Frameworks */,
			);
			sourceTree = "<group>";
		};
		92E2FEFD1F1F2DB5004EBA0D /* Products */ = {
			isa = PBXGroup;
			children = (
				92E2FEFC1F1F2DB5004EBA0D /* NTJOA.app */,
				92E2FF101F1F2DB5004EBA0D /* NTJOATests.xctest */,
				92E2FF1B1F1F2DB5004EBA0D /* NTJOAUITests.xctest */,
			);
			name = Products;
			sourceTree = "<group>";
		};
		92E2FEFE1F1F2DB5004EBA0D /* NTJOA */ = {
			isa = PBXGroup;
			children = (
				92E2FEFF1F1F2DB5004EBA0D /* AppDelegate.swift */,
				92E2FF011F1F2DB5004EBA0D /* ViewController.swift */,
				92E2FF031F1F2DB5004EBA0D /* Main.storyboard */,
				92E2FF061F1F2DB5004EBA0D /* Assets.xcassets */,
				92E2FF081F1F2DB5004EBA0D /* LaunchScreen.storyboard */,
				92E2FF2E1F1F3060004EBA0D /* Utils */,
				92E2FF321F1F3060004EBA0D /* Common */,
				92E2FF2D1F1F3060004EBA0D /* View */,
				92E2FF2F1F1F3060004EBA0D /* Model */,
				92E2FF301F1F3060004EBA0D /* Controller */,
				92E2FF0B1F1F2DB5004EBA0D /* Info.plist */,
			);
			path = NTJOA;
			sourceTree = "<group>";
		};
		92E2FF131F1F2DB5004EBA0D /* NTJOATests */ = {
			isa = PBXGroup;
			children = (
				92E2FF141F1F2DB5004EBA0D /* NTJOATests.swift */,
				92E2FF161F1F2DB5004EBA0D /* Info.plist */,
			);
			path = NTJOATests;
			sourceTree = "<group>";
		};
		92E2FF1E1F1F2DB5004EBA0D /* NTJOAUITests */ = {
			isa = PBXGroup;
			children = (
				92E2FF1F1F1F2DB5004EBA0D /* NTJOAUITests.swift */,
				92E2FF211F1F2DB5004EBA0D /* Info.plist */,
			);
			path = NTJOAUITests;
			sourceTree = "<group>";
		};
		92E2FF2D1F1F3060004EBA0D /* View */ = {
			isa = PBXGroup;
			children = (
				92E2FF3A1F1F3D05004EBA0D /* TJHomeCell.swift */,
				92D9D9831F205D7E00488DEA /* TJApplyListCell.swift */,
			);
			path = View;
			sourceTree = "<group>";
		};
		92E2FF2E1F1F3060004EBA0D /* Utils */ = {
			isa = PBXGroup;
			children = (
			);
			path = Utils;
			sourceTree = "<group>";
		};
		92E2FF2F1F1F3060004EBA0D /* Model */ = {
			isa = PBXGroup;
			children = (
				92E69C151F26DF7200107873 /* TJApplyListModel.swift */,
			);
			path = Model;
			sourceTree = "<group>";
		};
		92E2FF301F1F3060004EBA0D /* Controller */ = {
			isa = PBXGroup;
			children = (
				92E2FF311F1F3060004EBA0D /* TJHomeController.swift */,
				9245ABE01F1F5C1400BC3E28 /* TJApplyListController.swift */,
			);
			path = Controller;
			sourceTree = "<group>";
		};
		92E2FF321F1F3060004EBA0D /* Common */ = {
			isa = PBXGroup;
			children = (
				9269F9A01F209171004CAD39 /* NTJOA-Bridging-Header.h */,
				92E2FF361F1F3060004EBA0D /* TJTabBarController.swift */,
				92E2FF341F1F3060004EBA0D /* TJNavController.swift */,
				92D9D9851F20835A00488DEA /* TJHTTPRequestManger.swift */,
				9269F9A41F2093BA004CAD39 /* TJOAHeader.swift */,
			);
			path = Common;
			sourceTree = "<group>";
		};
		CB10E47858F986A404E5192A /* Pods */ = {
			isa = PBXGroup;
			children = (
				B1249F2C4B827ACBCD4710B0 /* Pods-NTJOA.debug.xcconfig */,
				E0854318812CC5B86D372C21 /* Pods-NTJOA.release.xcconfig */,
			);
			name = Pods;
			sourceTree = "<group>";
		};
/* End PBXGroup section */

/* Begin PBXNativeTarget section */
		92E2FEFB1F1F2DB5004EBA0D /* NTJOA */ = {
			isa = PBXNativeTarget;
			buildConfigurationList = 92E2FF241F1F2DB5004EBA0D /* Build configuration list for PBXNativeTarget "NTJOA" */;
			buildPhases = (
				A24812686663BABE0B052A63 /* [CP] Check Pods Manifest.lock */,
				92E2FEF81F1F2DB5004EBA0D /* Sources */,
				92E2FEF91F1F2DB5004EBA0D /* Frameworks */,
				92E2FEFA1F1F2DB5004EBA0D /* Resources */,
				170DFC96CBE572C8F5C74F10 /* [CP] Embed Pods Frameworks */,
				E75A5CE0F97B6B7E6E2B539E /* [CP] Copy Pods Resources */,
			);
			buildRules = (
			);
			dependencies = (
			);
			name = NTJOA;
			productName = NTJOA;
			productReference = 92E2FEFC1F1F2DB5004EBA0D /* NTJOA.app */;
			productType = "com.apple.product-type.application";
		};
		92E2FF0F1F1F2DB5004EBA0D /* NTJOATests */ = {
			isa = PBXNativeTarget;
			buildConfigurationList = 92E2FF271F1F2DB5004EBA0D /* Build configuration list for PBXNativeTarget "NTJOATests" */;
			buildPhases = (
				92E2FF0C1F1F2DB5004EBA0D /* Sources */,
				92E2FF0D1F1F2DB5004EBA0D /* Frameworks */,
				92E2FF0E1F1F2DB5004EBA0D /* Resources */,
			);
			buildRules = (
			);
			dependencies = (
				92E2FF121F1F2DB5004EBA0D /* PBXTargetDependency */,
			);
			name = NTJOATests;
			productName = NTJOATests;
			productReference = 92E2FF101F1F2DB5004EBA0D /* NTJOATests.xctest */;
			productType = "com.apple.product-type.bundle.unit-test";
		};
		92E2FF1A1F1F2DB5004EBA0D /* NTJOAUITests */ = {
			isa = PBXNativeTarget;
			buildConfigurationList = 92E2FF2A1F1F2DB5004EBA0D /* Build configuration list for PBXNativeTarget "NTJOAUITests" */;
			buildPhases = (
				92E2FF171F1F2DB5004EBA0D /* Sources */,
				92E2FF181F1F2DB5004EBA0D /* Frameworks */,
				92E2FF191F1F2DB5004EBA0D /* Resources */,
			);
			buildRules = (
			);
			dependencies = (
				92E2FF1D1F1F2DB5004EBA0D /* PBXTargetDependency */,
			);
			name = NTJOAUITests;
			productName = NTJOAUITests;
			productReference = 92E2FF1B1F1F2DB5004EBA0D /* NTJOAUITests.xctest */;
			productType = "com.apple.product-type.bundle.ui-testing";
		};
/* End PBXNativeTarget section */

/* Begin PBXProject section */
		92E2FEF41F1F2DB5004EBA0D /* Project object */ = {
			isa = PBXProject;
			attributes = {
				LastSwiftUpdateCheck = 0820;
				LastUpgradeCheck = 0820;
				ORGANIZATIONNAME = app;
				TargetAttributes = {
					92E2FEFB1F1F2DB5004EBA0D = {
						CreatedOnToolsVersion = 8.2.1;
						DevelopmentTeam = UV4897BN9Z;
						LastSwiftMigration = 0820;
						ProvisioningStyle = Automatic;
					};
					92E2FF0F1F1F2DB5004EBA0D = {
						CreatedOnToolsVersion = 8.2.1;
						DevelopmentTeam = UV4897BN9Z;
						ProvisioningStyle = Automatic;
						TestTargetID = 92E2FEFB1F1F2DB5004EBA0D;
					};
					92E2FF1A1F1F2DB5004EBA0D = {
						CreatedOnToolsVersion = 8.2.1;
						DevelopmentTeam = UV4897BN9Z;
						ProvisioningStyle = Automatic;
						TestTargetID = 92E2FEFB1F1F2DB5004EBA0D;
					};
				};
			};
			buildConfigurationList = 92E2FEF71F1F2DB5004EBA0D /* Build configuration list for PBXProject "NTJOA" */;
			compatibilityVersion = "Xcode 3.2";
			developmentRegion = English;
			hasScannedForEncodings = 0;
			knownRegions = (
				en,
				Base,
			);
			mainGroup = 92E2FEF31F1F2DB5004EBA0D;
			productRefGroup = 92E2FEFD1F1F2DB5004EBA0D /* Products */;
			projectDirPath = "";
			projectRoot = "";
			targets = (
				92E2FEFB1F1F2DB5004EBA0D /* NTJOA */,
				92E2FF0F1F1F2DB5004EBA0D /* NTJOATests */,
				92E2FF1A1F1F2DB5004EBA0D /* NTJOAUITests */,
			);
		};
/* End PBXProject section */

/* Begin PBXResourcesBuildPhase section */
		92E2FEFA1F1F2DB5004EBA0D /* Resources */ = {
			isa = PBXResourcesBuildPhase;
			buildActionMask = 2147483647;
			files = (
				92E2FF0A1F1F2DB5004EBA0D /* LaunchScreen.storyboard in Resources */,
				92E2FF071F1F2DB5004EBA0D /* Assets.xcassets in Resources */,
				92E2FF051F1F2DB5004EBA0D /* Main.storyboard in Resources */,
			);
			runOnlyForDeploymentPostprocessing = 0;
		};
		92E2FF0E1F1F2DB5004EBA0D /* Resources */ = {
			isa = PBXResourcesBuildPhase;
			buildActionMask = 2147483647;
			files = (
			);
			runOnlyForDeploymentPostprocessing = 0;
		};
		92E2FF191F1F2DB5004EBA0D /* Resources */ = {
			isa = PBXResourcesBuildPhase;
			buildActionMask = 2147483647;
			files = (
			);
			runOnlyForDeploymentPostprocessing = 0;
		};
/* End PBXResourcesBuildPhase section */

/* Begin PBXShellScriptBuildPhase section */
		170DFC96CBE572C8F5C74F10 /* [CP] Embed Pods Frameworks */ = {
			isa = PBXShellScriptBuildPhase;
			buildActionMask = 2147483647;
			files = (
			);
			inputPaths = (
			);
			name = "[CP] Embed Pods Frameworks";
			outputPaths = (
			);
			runOnlyForDeploymentPostprocessing = 0;
			shellPath = /bin/sh;
			shellScript = "\"${SRCROOT}/Pods/Target Support Files/Pods-NTJOA/Pods-NTJOA-frameworks.sh\"\n";
			showEnvVarsInLog = 0;
		};
		A24812686663BABE0B052A63 /* [CP] Check Pods Manifest.lock */ = {
			isa = PBXShellScriptBuildPhase;
			buildActionMask = 2147483647;
			files = (
			);
			inputPaths = (
			);
			name = "[CP] Check Pods Manifest.lock";
			outputPaths = (
			);
			runOnlyForDeploymentPostprocessing = 0;
			shellPath = /bin/sh;
			shellScript = "diff \"${PODS_ROOT}/../Podfile.lock\" \"${PODS_ROOT}/Manifest.lock\" > /dev/null\nif [ $? != 0 ] ; then\n    # print error to STDERR\n    echo \"error: The sandbox is not in sync with the Podfile.lock. Run 'pod install' or update your CocoaPods installation.\" >&2\n    exit 1\nfi\n";
			showEnvVarsInLog = 0;
		};
		E75A5CE0F97B6B7E6E2B539E /* [CP] Copy Pods Resources */ = {
			isa = PBXShellScriptBuildPhase;
			buildActionMask = 2147483647;
			files = (
			);
			inputPaths = (
			);
			name = "[CP] Copy Pods Resources";
			outputPaths = (
			);
			runOnlyForDeploymentPostprocessing = 0;
			shellPath = /bin/sh;
			shellScript = "\"${SRCROOT}/Pods/Target Support Files/Pods-NTJOA/Pods-NTJOA-resources.sh\"\n";
			showEnvVarsInLog = 0;
		};
/* End PBXShellScriptBuildPhase section */

/* Begin PBXSourcesBuildPhase section */
		92E2FEF81F1F2DB5004EBA0D /* Sources */ = {
			isa = PBXSourcesBuildPhase;
			buildActionMask = 2147483647;
			files = (
				92D9D9841F205D7E00488DEA /* TJApplyListCell.swift in Sources */,
				92E2FF371F1F3060004EBA0D /* TJHomeController.swift in Sources */,
				9245ABE11F1F5C1400BC3E28 /* TJApplyListController.swift in Sources */,
				92E2FF021F1F2DB5004EBA0D /* ViewController.swift in Sources */,
				92E69C161F26DF7200107873 /* TJApplyListModel.swift in Sources */,
				92E2FF001F1F2DB5004EBA0D /* AppDelegate.swift in Sources */,
				92E2FF391F1F3060004EBA0D /* TJTabBarController.swift in Sources */,
				92E2FF3B1F1F3D05004EBA0D /* TJHomeCell.swift in Sources */,
				9269F9A51F2093BA004CAD39 /* TJOAHeader.swift in Sources */,
				92D9D9861F20835A00488DEA /* TJHTTPRequestManger.swift in Sources */,
				92E2FF381F1F3060004EBA0D /* TJNavController.swift in Sources */,
			);
			runOnlyForDeploymentPostprocessing = 0;
		};
		92E2FF0C1F1F2DB5004EBA0D /* Sources */ = {
			isa = PBXSourcesBuildPhase;
			buildActionMask = 2147483647;
			files = (
				92E2FF151F1F2DB5004EBA0D /* NTJOATests.swift in Sources */,
			);
			runOnlyForDeploymentPostprocessing = 0;
		};
		92E2FF171F1F2DB5004EBA0D /* Sources */ = {
			isa = PBXSourcesBuildPhase;
			buildActionMask = 2147483647;
			files = (
				92E2FF201F1F2DB5004EBA0D /* NTJOAUITests.swift in Sources */,
			);
			runOnlyForDeploymentPostprocessing = 0;
		};
/* End PBXSourcesBuildPhase section */

/* Begin PBXTargetDependency section */
		92E2FF121F1F2DB5004EBA0D /* PBXTargetDependency */ = {
			isa = PBXTargetDependency;
			target = 92E2FEFB1F1F2DB5004EBA0D /* NTJOA */;
			targetProxy = 92E2FF111F1F2DB5004EBA0D /* PBXContainerItemProxy */;
		};
		92E2FF1D1F1F2DB5004EBA0D /* PBXTargetDependency */ = {
			isa = PBXTargetDependency;
			target = 92E2FEFB1F1F2DB5004EBA0D /* NTJOA */;
			targetProxy = 92E2FF1C1F1F2DB5004EBA0D /* PBXContainerItemProxy */;
		};
/* End PBXTargetDependency section */

/* Begin PBXVariantGroup section */
		92E2FF031F1F2DB5004EBA0D /* Main.storyboard */ = {
			isa = PBXVariantGroup;
			children = (
				92E2FF041F1F2DB5004EBA0D /* Base */,
			);
			name = Main.storyboard;
			sourceTree = "<group>";
		};
		92E2FF081F1F2DB5004EBA0D /* LaunchScreen.storyboard */ = {
			isa = PBXVariantGroup;
			children = (
				92E2FF091F1F2DB5004EBA0D /* Base */,
			);
			name = LaunchScreen.storyboard;
			sourceTree = "<group>";
		};
/* End PBXVariantGroup section */

/* Begin XCBuildConfiguration section */
		92E2FF221F1F2DB5004EBA0D /* Debug */ = {
			isa = XCBuildConfiguration;
			buildSettings = {
				ALWAYS_SEARCH_USER_PATHS = NO;
				CLANG_ANALYZER_NONNULL = YES;
				CLANG_CXX_LANGUAGE_STANDARD = "gnu++0x";
				CLANG_CXX_LIBRARY = "libc++";
				CLANG_ENABLE_MODULES = YES;
				CLANG_ENABLE_OBJC_ARC = YES;
				CLANG_WARN_BOOL_CONVERSION = YES;
				CLANG_WARN_CONSTANT_CONVERSION = YES;
				CLANG_WARN_DIRECT_OBJC_ISA_USAGE = YES_ERROR;
				CLANG_WARN_DOCUMENTATION_COMMENTS = YES;
				CLANG_WARN_EMPTY_BODY = YES;
				CLANG_WARN_ENUM_CONVERSION = YES;
				CLANG_WARN_INFINITE_RECURSION = YES;
				CLANG_WARN_INT_CONVERSION = YES;
				CLANG_WARN_OBJC_ROOT_CLASS = YES_ERROR;
				CLANG_WARN_SUSPICIOUS_MOVE = YES;
				CLANG_WARN_UNREACHABLE_CODE = YES;
				CLANG_WARN__DUPLICATE_METHOD_MATCH = YES;
				"CODE_SIGN_IDENTITY[sdk=iphoneos*]" = "iPhone Developer";
				COPY_PHASE_STRIP = NO;
				DEBUG_INFORMATION_FORMAT = dwarf;
				ENABLE_STRICT_OBJC_MSGSEND = YES;
				ENABLE_TESTABILITY = YES;
				GCC_C_LANGUAGE_STANDARD = gnu99;
				GCC_DYNAMIC_NO_PIC = NO;
				GCC_NO_COMMON_BLOCKS = YES;
				GCC_OPTIMIZATION_LEVEL = 0;
				GCC_PREPROCESSOR_DEFINITIONS = (
					"DEBUG=1",
					"$(inherited)",
				);
				GCC_WARN_64_TO_32_BIT_CONVERSION = YES;
				GCC_WARN_ABOUT_RETURN_TYPE = YES_ERROR;
				GCC_WARN_UNDECLARED_SELECTOR = YES;
				GCC_WARN_UNINITIALIZED_AUTOS = YES_AGGRESSIVE;
				GCC_WARN_UNUSED_FUNCTION = YES;
				GCC_WARN_UNUSED_VARIABLE = YES;
				IPHONEOS_DEPLOYMENT_TARGET = 10.2;
				MTL_ENABLE_DEBUG_INFO = YES;
				ONLY_ACTIVE_ARCH = YES;
				SDKROOT = iphoneos;
				SWIFT_ACTIVE_COMPILATION_CONDITIONS = DEBUG;
				SWIFT_OPTIMIZATION_LEVEL = "-Onone";
				TARGETED_DEVICE_FAMILY = "1,2";
			};
			name = Debug;
		};
		92E2FF231F1F2DB5004EBA0D /* Release */ = {
			isa = XCBuildConfiguration;
			buildSettings = {
				ALWAYS_SEARCH_USER_PATHS = NO;
				CLANG_ANALYZER_NONNULL = YES;
				CLANG_CXX_LANGUAGE_STANDARD = "gnu++0x";
				CLANG_CXX_LIBRARY = "libc++";
				CLANG_ENABLE_MODULES = YES;
				CLANG_ENABLE_OBJC_ARC = YES;
				CLANG_WARN_BOOL_CONVERSION = YES;
				CLANG_WARN_CONSTANT_CONVERSION = YES;
				CLANG_WARN_DIRECT_OBJC_ISA_USAGE = YES_ERROR;
				CLANG_WARN_DOCUMENTATION_COMMENTS = YES;
				CLANG_WARN_EMPTY_BODY = YES;
				CLANG_WARN_ENUM_CONVERSION = YES;
				CLANG_WARN_INFINITE_RECURSION = YES;
				CLANG_WARN_INT_CONVERSION = YES;
				CLANG_WARN_OBJC_ROOT_CLASS = YES_ERROR;
				CLANG_WARN_SUSPICIOUS_MOVE = YES;
				CLANG_WARN_UNREACHABLE_CODE = YES;
				CLANG_WARN__DUPLICATE_METHOD_MATCH = YES;
				"CODE_SIGN_IDENTITY[sdk=iphoneos*]" = "iPhone Developer";
				COPY_PHASE_STRIP = NO;
				DEBUG_INFORMATION_FORMAT = "dwarf-with-dsym";
				ENABLE_NS_ASSERTIONS = NO;
				ENABLE_STRICT_OBJC_MSGSEND = YES;
				GCC_C_LANGUAGE_STANDARD = gnu99;
				GCC_NO_COMMON_BLOCKS = YES;
				GCC_WARN_64_TO_32_BIT_CONVERSION = YES;
				GCC_WARN_ABOUT_RETURN_TYPE = YES_ERROR;
				GCC_WARN_UNDECLARED_SELECTOR = YES;
				GCC_WARN_UNINITIALIZED_AUTOS = YES_AGGRESSIVE;
				GCC_WARN_UNUSED_FUNCTION = YES;
				GCC_WARN_UNUSED_VARIABLE = YES;
				IPHONEOS_DEPLOYMENT_TARGET = 10.2;
				MTL_ENABLE_DEBUG_INFO = NO;
				SDKROOT = iphoneos;
				SWIFT_OPTIMIZATION_LEVEL = "-Owholemodule";
				TARGETED_DEVICE_FAMILY = "1,2";
				VALIDATE_PRODUCT = YES;
			};
			name = Release;
		};
		92E2FF251F1F2DB5004EBA0D /* Debug */ = {
			isa = XCBuildConfiguration;
			baseConfigurationReference = B1249F2C4B827ACBCD4710B0 /* Pods-NTJOA.debug.xcconfig */;
			buildSettings = {
				ASSETCATALOG_COMPILER_APPICON_NAME = AppIcon;
				CLANG_ENABLE_MODULES = YES;
				DEVELOPMENT_TEAM = UV4897BN9Z;
				GCC_PRECOMPILE_PREFIX_HEADER = YES;
				GCC_PREFIX_HEADER = "$(SRCROOT)/Common/PrefixHeader.pch";
				INFOPLIST_FILE = NTJOA/Info.plist;
				LD_RUNPATH_SEARCH_PATHS = "$(inherited) @executable_path/Frameworks";
				PRODUCT_BUNDLE_IDENTIFIER = com.sm.NTJOA;
				PRODUCT_NAME = "$(TARGET_NAME)";
				SWIFT_OBJC_BRIDGING_HEADER = "NTJOA/Common/NTJOA-Bridging-Header.h";
				SWIFT_OPTIMIZATION_LEVEL = "-Onone";
				SWIFT_VERSION = 3.0;
				USER_HEADER_SEARCH_PATHS = "$(SRCROOT)/Pods/MBProgressHUD/**";
			};
			name = Debug;
		};
		92E2FF261F1F2DB5004EBA0D /* Release */ = {
			isa = XCBuildConfiguration;
			baseConfigurationReference = E0854318812CC5B86D372C21 /* Pods-NTJOA.release.xcconfig */;
			buildSettings = {
				ASSETCATALOG_COMPILER_APPICON_NAME = AppIcon;
				CLANG_ENABLE_MODULES = YES;
				DEVELOPMENT_TEAM = UV4897BN9Z;
				GCC_PRECOMPILE_PREFIX_HEADER = YES;
				GCC_PREFIX_HEADER = "$(SRCROOT)/Common/PrefixHeader.pch";
				INFOPLIST_FILE = NTJOA/Info.plist;
				LD_RUNPATH_SEARCH_PATHS = "$(inherited) @executable_path/Frameworks";
				PRODUCT_BUNDLE_IDENTIFIER = com.sm.NTJOA;
				PRODUCT_NAME = "$(TARGET_NAME)";
				SWIFT_OBJC_BRIDGING_HEADER = "NTJOA/Common/NTJOA-Bridging-Header.h";
				SWIFT_VERSION = 3.0;
				USER_HEADER_SEARCH_PATHS = "$(SRCROOT)/Pods/MBProgressHUD/**";
			};
			name = Release;
		};
		92E2FF281F1F2DB5004EBA0D /* Debug */ = {
			isa = XCBuildConfiguration;
			buildSettings = {
				ALWAYS_EMBED_SWIFT_STANDARD_LIBRARIES = YES;
				BUNDLE_LOADER = "$(TEST_HOST)";
				DEVELOPMENT_TEAM = UV4897BN9Z;
				INFOPLIST_FILE = NTJOATests/Info.plist;
				LD_RUNPATH_SEARCH_PATHS = "$(inherited) @executable_path/Frameworks @loader_path/Frameworks";
				PRODUCT_BUNDLE_IDENTIFIER = com.sm.NTJOATests;
				PRODUCT_NAME = "$(TARGET_NAME)";
				SWIFT_VERSION = 3.0;
				TEST_HOST = "$(BUILT_PRODUCTS_DIR)/NTJOA.app/NTJOA";
			};
			name = Debug;
		};
		92E2FF291F1F2DB5004EBA0D /* Release */ = {
			isa = XCBuildConfiguration;
			buildSettings = {
				ALWAYS_EMBED_SWIFT_STANDARD_LIBRARIES = YES;
				BUNDLE_LOADER = "$(TEST_HOST)";
				DEVELOPMENT_TEAM = UV4897BN9Z;
				INFOPLIST_FILE = NTJOATests/Info.plist;
				LD_RUNPATH_SEARCH_PATHS = "$(inherited) @executable_path/Frameworks @loader_path/Frameworks";
				PRODUCT_BUNDLE_IDENTIFIER = com.sm.NTJOATests;
				PRODUCT_NAME = "$(TARGET_NAME)";
				SWIFT_VERSION = 3.0;
				TEST_HOST = "$(BUILT_PRODUCTS_DIR)/NTJOA.app/NTJOA";
			};
			name = Release;
		};
		92E2FF2B1F1F2DB5004EBA0D /* Debug */ = {
			isa = XCBuildConfiguration;
			buildSettings = {
				ALWAYS_EMBED_SWIFT_STANDARD_LIBRARIES = YES;
				DEVELOPMENT_TEAM = UV4897BN9Z;
				INFOPLIST_FILE = NTJOAUITests/Info.plist;
				LD_RUNPATH_SEARCH_PATHS = "$(inherited) @executable_path/Frameworks @loader_path/Frameworks";
				PRODUCT_BUNDLE_IDENTIFIER = com.sm.NTJOAUITests;
				PRODUCT_NAME = "$(TARGET_NAME)";
				SWIFT_VERSION = 3.0;
				TEST_TARGET_NAME = NTJOA;
				USER_HEADER_SEARCH_PATHS = "$(SRCROOT)/Pods/MBProgressHUD/**";
			};
			name = Debug;
		};
		92E2FF2C1F1F2DB5004EBA0D /* Release */ = {
			isa = XCBuildConfiguration;
			buildSettings = {
				ALWAYS_EMBED_SWIFT_STANDARD_LIBRARIES = YES;
				DEVELOPMENT_TEAM = UV4897BN9Z;
				INFOPLIST_FILE = NTJOAUITests/Info.plist;
				LD_RUNPATH_SEARCH_PATHS = "$(inherited) @executable_path/Frameworks @loader_path/Frameworks";
				PRODUCT_BUNDLE_IDENTIFIER = com.sm.NTJOAUITests;
				PRODUCT_NAME = "$(TARGET_NAME)";
				SWIFT_VERSION = 3.0;
				TEST_TARGET_NAME = NTJOA;
				USER_HEADER_SEARCH_PATHS = "$(SRCROOT)/Pods/MBProgressHUD/**";
			};
			name = Release;
		};
/* End XCBuildConfiguration section */

/* Begin XCConfigurationList section */
		92E2FEF71F1F2DB5004EBA0D /* Build configuration list for PBXProject "NTJOA" */ = {
			isa = XCConfigurationList;
			buildConfigurations = (
				92E2FF221F1F2DB5004EBA0D /* Debug */,
				92E2FF231F1F2DB5004EBA0D /* Release */,
			);
			defaultConfigurationIsVisible = 0;
			defaultConfigurationName = Release;
		};
		92E2FF241F1F2DB5004EBA0D /* Build configuration list for PBXNativeTarget "NTJOA" */ = {
			isa = XCConfigurationList;
			buildConfigurations = (
				92E2FF251F1F2DB5004EBA0D /* Debug */,
				92E2FF261F1F2DB5004EBA0D /* Release */,
			);
			defaultConfigurationIsVisible = 0;
			defaultConfigurationName = Release;
		};
		92E2FF271F1F2DB5004EBA0D /* Build configuration list for PBXNativeTarget "NTJOATests" */ = {
			isa = XCConfigurationList;
			buildConfigurations = (
				92E2FF281F1F2DB5004EBA0D /* Debug */,
				92E2FF291F1F2DB5004EBA0D /* Release */,
			);
			defaultConfigurationIsVisible = 0;
			defaultConfigurationName = Release;
		};
		92E2FF2A1F1F2DB5004EBA0D /* Build configuration list for PBXNativeTarget "NTJOAUITests" */ = {
			isa = XCConfigurationList;
			buildConfigurations = (
				92E2FF2B1F1F2DB5004EBA0D /* Debug */,
				92E2FF2C1F1F2DB5004EBA0D /* Release */,
			);
			defaultConfigurationIsVisible = 0;
			defaultConfigurationName = Release;
		};
/* End XCConfigurationList section */
	};
	rootObject = 92E2FEF41F1F2DB5004EBA0D /* Project object */;
}
